# This file is automatically @generated by Poetry 1.4.2 and should not be changed by hand.

[[package]]
name = "pycairo"
version = "1.24.0"
description = "Python interface for cairo"
category = "main"
optional = false
python-versions = ">=3.8"
files = [
    {file = "pycairo-1.24.0-cp310-cp310-win32.whl", hash = "sha256:031f5ef2c80792673f2c54ee285f2a31779a44d7521a27a7f82e4a5ecfafc26e"},
    {file = "pycairo-1.24.0-cp310-cp310-win_amd64.whl", hash = "sha256:afccac552386ab628e8ae658185fa363e8d15a5afe96d1de43f97027dd78bdd6"},
    {file = "pycairo-1.24.0-cp311-cp311-win32.whl", hash = "sha256:4631ed794a3376ec314ce47826c3e51940b54695f4ef7d5b3245b203037ae760"},
    {file = "pycairo-1.24.0-cp311-cp311-win_amd64.whl", hash = "sha256:ed0622a0ccffb873ffe7fee1699d60779f1260fba143390e5366d55f1d1739f5"},
    {file = "pycairo-1.24.0-cp312-cp312-win32.whl", hash = "sha256:220742f187d3940d695c1af1a0c1646e26dc2199d65b7bafaa527e15c3520fd3"},
    {file = "pycairo-1.24.0-cp312-cp312-win_amd64.whl", hash = "sha256:3199d6a0538d6482c71efb816bd330515e98bb06f182e23572c77d92be98f536"},
    {file = "pycairo-1.24.0-cp38-cp38-win32.whl", hash = "sha256:c7c79e748ec849811241d29553184c3ad93c857558dbe9954a49327680b8d356"},
    {file = "pycairo-1.24.0-cp38-cp38-win_amd64.whl", hash = "sha256:6ad5c3425408ebb0dfaad2cca4a80e7524d7a309305acdb2569638b5cc988fe7"},
    {file = "pycairo-1.24.0-cp39-cp39-win32.whl", hash = "sha256:c5f6efdd86fe13d36a6b004c64d8e97cde9854d599cf6cca962afb1966fe533d"},
    {file = "pycairo-1.24.0-cp39-cp39-win_amd64.whl", hash = "sha256:26fe2c32ba24caae524d855f26f3ee1a0c1ea3291da2a19604264ed29f64d834"},
    {file = "pycairo-1.24.0.tar.gz", hash = "sha256:1444d52f1bb4cc79a4a0c0fe2ccec4bd78ff885ab01ebe1c0f637d8392bcafb6"},
]

[metadata]
lock-version = "2.0"
python-versions = "^3.10"
content-hash = "64f64bb9634c235eaf3e079fa77a790c2f770d7a062d7ecd7319861145505266"
